{
  "name": "assemblyscript_with_as-bind",
  "version": "1.0.0",
  "lockfileVersion": 2,
  "requires": true,
  "packages": {
    "": {
      "name": "assemblyscript_with_as-bind",
      "version": "1.0.0",
      "license": "MIT",
      "dependencies": {
        "@assemblyscript/loader": "^0.19.17",
        "assemblyscript": "^0.19.12",
        "requirejs": "^2.3.6"
      }
    },
    "node_modules/@assemblyscript/loader": {
      "version": "0.19.17",
      "resolved": "https://registry.npmjs.org/@assemblyscript/loader/-/loader-0.19.17.tgz",
      "integrity": "sha512-V2lrYgii5Qy81v4lZq+FeT8X30UcwCkB5aZJ/U/2GHCBxrjiriBLRybr9SI+8Id/H7vMaWcOgq2iBf9PXVaeXQ=="
    },
    "node_modules/assemblyscript": {
      "version": "0.19.12",
      "resolved": "https://registry.npmjs.org/assemblyscript/-/assemblyscript-0.19.12.tgz",
      "integrity": "sha512-8cZFAoW0g2fF5IUAe/2DgA1agU/vt0qA23gtJKRsiLRv/MFqjSeisiJkKPQDst2S4+jHUCkPlayRl8MiIdpVBw==",
      "dependencies": {
        "binaryen": "101.0.0-nightly.20210904",
        "long": "^4.0.0"
      },
      "bin": {
        "asc": "bin/asc",
        "asinit": "bin/asinit"
      }
    },
    "node_modules/binaryen": {
      "version": "101.0.0-nightly.20210904",
      "resolved": "https://registry.npmjs.org/binaryen/-/binaryen-101.0.0-nightly.20210904.tgz",
      "integrity": "sha512-2AvJhErttuoMvgNcYPPpPy7C12PSvDdtZWtEeX/Otm/Vtf4ePvBpT3UIA00hGAh8HNaGr+dzFNstxTUvjNwZTg==",
      "bin": {
        "wasm-opt": "bin/wasm-opt"
      }
    },
    "node_modules/long": {
      "version": "4.0.0",
      "resolved": "https://registry.npmjs.org/long/-/long-4.0.0.tgz",
      "integrity": "sha512-XsP+KhQif4bjX1kbuSiySJFNAehNxgLb6hPRGJ9QsUr8ajHkuXGdrHmFUTUUXhDwVX2R5bY4JNZEwbUiMhV+MA=="
    },
    "node_modules/requirejs": {
      "version": "2.3.6",
      "resolved": "https://registry.npmjs.org/requirejs/-/requirejs-2.3.6.tgz",
      "integrity": "sha512-ipEzlWQe6RK3jkzikgCupiTbTvm4S0/CAU5GlgptkN5SO6F3u0UD0K18wy6ErDqiCyP4J4YYe1HuAShvsxePLg==",
      "bin": {
        "r_js": "bin/r.js",
        "r.js": "bin/r.js"
      },
      "engines": {
        "node": ">=0.4.0"
      }
    }
  },
  "dependencies": {
    "@assemblyscript/loader": {
      "version": "0.19.17",
      "resolved": "https://registry.npmjs.org/@assemblyscript/loader/-/loader-0.19.17.tgz",
      "integrity": "sha512-V2lrYgii5Qy81v4lZq+FeT8X30UcwCkB5aZJ/U/2GHCBxrjiriBLRybr9SI+8Id/H7vMaWcOgq2iBf9PXVaeXQ=="
    },
    "assemblyscript": {
      "version": "0.19.12",
      "resolved": "https://registry.npmjs.org/assemblyscript/-/assemblyscript-0.19.12.tgz",
      "integrity": "sha512-8cZFAoW0g2fF5IUAe/2DgA1agU/vt0qA23gtJKRsiLRv/MFqjSeisiJkKPQDst2S4+jHUCkPlayRl8MiIdpVBw==",
      "requires": {
        "binaryen": "101.0.0-nightly.20210904",
        "long": "^4.0.0"
      }
    },
    "binaryen": {
      "version": "101.0.0-nightly.20210904",
      "resolved": "https://registry.npmjs.org/binaryen/-/binaryen-101.0.0-nightly.20210904.tgz",
      "integrity": "sha512-2AvJhErttuoMvgNcYPPpPy7C12PSvDdtZWtEeX/Otm/Vtf4ePvBpT3UIA00hGAh8HNaGr+dzFNstxTUvjNwZTg=="
    },
    "long": {
      "version": "4.0.0",
      "resolved": "https://registry.npmjs.org/long/-/long-4.0.0.tgz",
      "integrity": "sha512-XsP+KhQif4bjX1kbuSiySJFNAehNxgLb6hPRGJ9QsUr8ajHkuXGdrHmFUTUUXhDwVX2R5bY4JNZEwbUiMhV+MA=="
    },
    "requirejs": {
      "version": "2.3.6",
      "resolved": "https://registry.npmjs.org/requirejs/-/requirejs-2.3.6.tgz",
      "integrity": "sha512-ipEzlWQe6RK3jkzikgCupiTbTvm4S0/CAU5GlgptkN5SO6F3u0UD0K18wy6ErDqiCyP4J4YYe1HuAShvsxePLg=="
    }
  }
}
