{
  "requires": true,
  "lockfileVersion": 1,
  "dependencies": {
    "@assemblyscript/loader": {
      "version": "0.19.22",
      "resolved": "https://registry.npmjs.org/@assemblyscript/loader/-/loader-0.19.22.tgz",
      "integrity": "sha512-ksrMVpPOatD7ZzXCw+c/g3zId5rm8MMnQe7P32dH/qtDrgT9SbQjJYEngRP0YhRF0qrBCga2PtpID7arqphGyg=="
    },
    "as-bind": {
      "version": "0.8.2",
      "resolved": "https://registry.npmjs.org/as-bind/-/as-bind-0.8.2.tgz",
      "integrity": "sha512-Y7WTopfRLODzLLpTgyrf6TMeEbcckF8u7r/eU68PeiKh7yY/YzmjCQiPAJw0F70bge+84nUO5j4No7V4fzdoew==",
      "requires": {
        "visitor-as": "^0.5.0"
      }
    },
    "assemblyscript": {
      "version": "0.19.22",
      "resolved": "https://registry.npmjs.org/assemblyscript/-/assemblyscript-0.19.22.tgz",
      "integrity": "sha512-+Rclbx0+BI3qAe9fjc8XGbSUDaayTtjINnD19I4MmfpT2R43c9YTQERP36676shkPxb1fisDFZeSTL65Da8Q2g==",
      "requires": {
        "binaryen": "102.0.0-nightly.20211028",
        "long": "^5.2.0",
        "source-map-support": "^0.5.20"
      }
    },
    "binaryen": {
      "version": "102.0.0-nightly.20211028",
      "resolved": "https://registry.npmjs.org/binaryen/-/binaryen-102.0.0-nightly.20211028.tgz",
      "integrity": "sha512-GCJBVB5exbxzzvyt8MGDv/MeUjs6gkXDvf4xOIItRBptYl0Tz5sm1o/uG95YK0L0VeG5ajDu3hRtkBP2kzqC5w=="
    },
    "buffer-from": {
      "version": "1.1.2",
      "resolved": "https://registry.npmjs.org/buffer-from/-/buffer-from-1.1.2.tgz",
      "integrity": "sha512-E+XQCRwSbaaiChtv6k6Dwgc+bx+Bs6vuKJHHl5kox/BaKbhiXzqQOwK4cO22yElGp2OCmjwVhT3HmxgyPGnJfQ=="
    },
    "lodash.clonedeep": {
      "version": "4.5.0",
      "resolved": "https://registry.npmjs.org/lodash.clonedeep/-/lodash.clonedeep-4.5.0.tgz",
      "integrity": "sha1-4j8/nE+Pvd6HJSnBBxhXoIblzO8="
    },
    "long": {
      "version": "5.2.0",
      "resolved": "https://registry.npmjs.org/long/-/long-5.2.0.tgz",
      "integrity": "sha512-9RTUNjK60eJbx3uz+TEGF7fUr29ZDxR5QzXcyDpeSfeH28S9ycINflOgOlppit5U+4kNTe83KQnMEerw7GmE8w=="
    },
    "requirejs": {
      "version": "2.3.6",
      "resolved": "https://registry.npmjs.org/requirejs/-/requirejs-2.3.6.tgz",
      "integrity": "sha512-ipEzlWQe6RK3jkzikgCupiTbTvm4S0/CAU5GlgptkN5SO6F3u0UD0K18wy6ErDqiCyP4J4YYe1HuAShvsxePLg=="
    },
    "source-map": {
      "version": "0.6.1",
      "resolved": "https://registry.npmjs.org/source-map/-/source-map-0.6.1.tgz",
      "integrity": "sha512-UjgapumWlbMhkBgzT7Ykc5YXUT46F0iKu8SGXq0bcwP5dz/h0Plj6enJqjz1Zbq2l5WaqYnrVbwWOWMyF3F47g=="
    },
    "source-map-support": {
      "version": "0.5.21",
      "resolved": "https://registry.npmjs.org/source-map-support/-/source-map-support-0.5.21.tgz",
      "integrity": "sha512-uBHU3L3czsIyYXKX88fdrGovxdSCoTGDRZ6SYXtSRxLZUzHg5P/66Ht6uoUlHu9EZod+inXhKo3qQgwXUT/y1w==",
      "requires": {
        "buffer-from": "^1.0.0",
        "source-map": "^0.6.0"
      }
    },
    "sweva-core": {
      "version": "git+https://github.com/rwth-acis/sweva-core.git#8f0af2ecd89486e20b9823445a603cb8eddadff7",
      "from": "git+https://github.com/rwth-acis/sweva-core.git#sweva-webassembly",
      "requires": {
        "@assemblyscript/loader": "^0.19.17",
        "as-bind": "^0.8.2",
        "assemblyscript": "^0.19.18"
      }
    },
    "ts-mixer": {
      "version": "5.4.1",
      "resolved": "https://registry.npmjs.org/ts-mixer/-/ts-mixer-5.4.1.tgz",
      "integrity": "sha512-Zo9HgPCtNouDgJ+LGtrzVOjSg8+7WGQktIKLwAfaNrlOK1mWGlz1ejsAF/YqUEqAGjUTeB5fEg8gH9Aui6w9xA=="
    },
    "visitor-as": {
      "version": "0.5.0",
      "resolved": "https://registry.npmjs.org/visitor-as/-/visitor-as-0.5.0.tgz",
      "integrity": "sha512-U2P13pa7BAnfj6IEbP4feS1Rci6NT4GlDcwpqkk90u7LGalc5jH9aMuWnxTC8RJJ92iZzDQ8Lea5/OnLDsgzlw==",
      "requires": {
        "lodash.clonedeep": "^4.5.0",
        "ts-mixer": "^5.1.0"
      }
    }
  }
}
